
Microsoft Visual Studio Solution File, Format Version 12.00
# Visual Studio Version 16
VisualStudioVersion = 16.0.30128.74
MinimumVisualStudioVersion = 10.0.40219.1
Project("{FAE04EC0-301F-11D3-BF4B-00C04F79EFBC}") = "TTN_THKids", "TTN_THKids\TTN_THKids.csproj", "{7FDBA667-FADE-4000-B9AF-ED4DB814402B}"
EndProject
Global
	GlobalSection(SolutionConfigurationPlatforms) = preSolution
		Debug|Any CPU = Debug|Any CPU
		Release|Any CPU = Release|Any CPU
	EndGlobalSection
	GlobalSection(ProjectConfigurationPlatforms) = postSolution
		{7FDBA667-FADE-4000-B9AF-ED4DB814402B}.Debug|Any CPU.ActiveCfg = Debug|Any CPU
		{7FDBA667-FADE-4000-B9AF-ED4DB814402B}.Debug|Any CPU.Build.0 = Debug|Any CPU
		{7FDBA667-FADE-4000-B9AF-ED4DB814402B}.Release|Any CPU.ActiveCfg = Release|Any CPU
		{7FDBA667-FADE-4000-B9AF-ED4DB814402B}.Release|Any CPU.Build.0 = Release|Any CPU
	EndGlobalSection
	GlobalSection(SolutionProperties) = preSolution
		HideSolutionNode = FALSE
	EndGlobalSection
	GlobalSection(ExtensibilityGlobals) = postSolution
		SolutionGuid = {FC2A52B2-DCED-4F77-9632-0A8016A9D846}
	EndGlobalSection
EndGlobal
